
Microsoft Visual Studio Solution File, Format Version 12.00
# Visual Studio Version 17
VisualStudioVersion = 17.0.31903.59
MinimumVisualStudioVersion = 10.0.40219.1
Project("{2150E333-8FDC-42A3-9474-1A3956D46DE8}") = "src", "src", "{C64186F5-9BCB-408A-B0FD-96BE174FCDE6}"
EndProject
Project("{FAE04EC0-301F-11D3-BF4B-00C04F79EFBC}") = "AuctionService", "src\AuctionService\AuctionService.csproj", "{58D6122C-568F-43C0-B5B8-82C6F08C3F66}"
EndProject
Project("{FAE04EC0-301F-11D3-BF4B-00C04F79EFBC}") = "SearchService", "src\SearchService\SearchService.csproj", "{E3F2F9F4-5A59-4A9A-AB67-ED2D6E4B1C97}"
EndProject
Project("{FAE04EC0-301F-11D3-BF4B-00C04F79EFBC}") = "Contracts", "src\Contracts\Contracts.csproj", "{80D52FE9-093C-4D5C-BF26-AC90E4445107}"
EndProject
Global
	GlobalSection(SolutionConfigurationPlatforms) = preSolution
		Debug|Any CPU = Debug|Any CPU
		Release|Any CPU = Release|Any CPU
	EndGlobalSection
	GlobalSection(SolutionProperties) = preSolution
		HideSolutionNode = FALSE
	EndGlobalSection
	GlobalSection(ProjectConfigurationPlatforms) = postSolution
		{58D6122C-568F-43C0-B5B8-82C6F08C3F66}.Debug|Any CPU.ActiveCfg = Debug|Any CPU
		{58D6122C-568F-43C0-B5B8-82C6F08C3F66}.Debug|Any CPU.Build.0 = Debug|Any CPU
		{58D6122C-568F-43C0-B5B8-82C6F08C3F66}.Release|Any CPU.ActiveCfg = Release|Any CPU
		{58D6122C-568F-43C0-B5B8-82C6F08C3F66}.Release|Any CPU.Build.0 = Release|Any CPU
		{E3F2F9F4-5A59-4A9A-AB67-ED2D6E4B1C97}.Debug|Any CPU.ActiveCfg = Debug|Any CPU
		{E3F2F9F4-5A59-4A9A-AB67-ED2D6E4B1C97}.Debug|Any CPU.Build.0 = Debug|Any CPU
		{E3F2F9F4-5A59-4A9A-AB67-ED2D6E4B1C97}.Release|Any CPU.ActiveCfg = Release|Any CPU
		{E3F2F9F4-5A59-4A9A-AB67-ED2D6E4B1C97}.Release|Any CPU.Build.0 = Release|Any CPU
		{80D52FE9-093C-4D5C-BF26-AC90E4445107}.Debug|Any CPU.ActiveCfg = Debug|Any CPU
		{80D52FE9-093C-4D5C-BF26-AC90E4445107}.Debug|Any CPU.Build.0 = Debug|Any CPU
		{80D52FE9-093C-4D5C-BF26-AC90E4445107}.Release|Any CPU.ActiveCfg = Release|Any CPU
		{80D52FE9-093C-4D5C-BF26-AC90E4445107}.Release|Any CPU.Build.0 = Release|Any CPU
	EndGlobalSection
	GlobalSection(NestedProjects) = preSolution
		{58D6122C-568F-43C0-B5B8-82C6F08C3F66} = {C64186F5-9BCB-408A-B0FD-96BE174FCDE6}
		{E3F2F9F4-5A59-4A9A-AB67-ED2D6E4B1C97} = {C64186F5-9BCB-408A-B0FD-96BE174FCDE6}
		{80D52FE9-093C-4D5C-BF26-AC90E4445107} = {C64186F5-9BCB-408A-B0FD-96BE174FCDE6}
	EndGlobalSection
EndGlobal
