
Microsoft Visual Studio Solution File, Format Version 12.00
# Visual Studio Version 17
VisualStudioVersion = 17.5.002.0
MinimumVisualStudioVersion = 10.0.40219.1
Project("{9A19103F-16F7-4668-BE54-9A1E7A4F7556}") = "AuctionService", "AuctionService\AuctionService.csproj", "{54F6C40E-ED61-4A8E-B5DE-D4A12FE17F6C}"
EndProject
Project("{9A19103F-16F7-4668-BE54-9A1E7A4F7556}") = "SearchService", "SearchService\SearchService.csproj", "{BE57CFD8-C701-4465-9451-F8BEF0D25076}"
EndProject
Global
	GlobalSection(SolutionConfigurationPlatforms) = preSolution
		Debug|Any CPU = Debug|Any CPU
		Release|Any CPU = Release|Any CPU
	EndGlobalSection
	GlobalSection(ProjectConfigurationPlatforms) = postSolution
		{54F6C40E-ED61-4A8E-B5DE-D4A12FE17F6C}.Debug|Any CPU.ActiveCfg = Debug|Any CPU
		{54F6C40E-ED61-4A8E-B5DE-D4A12FE17F6C}.Debug|Any CPU.Build.0 = Debug|Any CPU
		{54F6C40E-ED61-4A8E-B5DE-D4A12FE17F6C}.Release|Any CPU.ActiveCfg = Release|Any CPU
		{54F6C40E-ED61-4A8E-B5DE-D4A12FE17F6C}.Release|Any CPU.Build.0 = Release|Any CPU
		{BE57CFD8-C701-4465-9451-F8BEF0D25076}.Debug|Any CPU.ActiveCfg = Debug|Any CPU
		{BE57CFD8-C701-4465-9451-F8BEF0D25076}.Debug|Any CPU.Build.0 = Debug|Any CPU
		{BE57CFD8-C701-4465-9451-F8BEF0D25076}.Release|Any CPU.ActiveCfg = Release|Any CPU
		{BE57CFD8-C701-4465-9451-F8BEF0D25076}.Release|Any CPU.Build.0 = Release|Any CPU
	EndGlobalSection
	GlobalSection(SolutionProperties) = preSolution
		HideSolutionNode = FALSE
	EndGlobalSection
	GlobalSection(ExtensibilityGlobals) = postSolution
		SolutionGuid = {0B2DC31F-0A9F-44D7-9C43-0B963D44DA4A}
	EndGlobalSection
EndGlobal
